schemaVersion: mt-prowide-source-lock/1
sourceName: Prowide Core
sourceUrl: https://github.com/prowide/prowide-core
documentationUrl: https://dev.prowidesoftware.com/SRU2025-10/getting-started/download-core/
artifactCoordinate: com.prowidesoftware:pw-swift-core:SRU2025-10.3.18
prowidesoftwareVersion: SRU2025-10.3.18
swiftStandardsRelease: SR2025
verifiedAt: "2026-08-20"
verification:
  swiftStandardsReleaseUrl: https://www.swift.com/standards/standards-releases
  mavenMetadataUrl: https://repo.maven.apache.org/maven2/com/prowidesoftware/pw-swift-core/maven-metadata.xml
  mavenLatestObserved: SRU2025-10.3.18
  mavenMetadataLastUpdated: "20260814195521"
  prowideRepositoryUrl: https://github.com/prowide/prowide-core
  license: Apache License Version 2.0
artifacts:
  - role: core_jar
    coordinate: com.prowidesoftware:pw-swift-core:SRU2025-10.3.18
    fileName: pw-swift-core-SRU2025-10.3.18.jar
    url: https://repo.maven.apache.org/maven2/com/prowidesoftware/pw-swift-core/SRU2025-10.3.18/pw-swift-core-SRU2025-10.3.18.jar
    sha256: 84993fffae87f7da5db3cad439351072aa5d04fb59fe56515e08eae4b4523997
    mavenSha1: 3d22623ce6f009227293e60c773b765faf6c8264
  - role: source_jar
    coordinate: com.prowidesoftware:pw-swift-core:SRU2025-10.3.18:sources
    fileName: pw-swift-core-SRU2025-10.3.18-sources.jar
    url: https://repo.maven.apache.org/maven2/com/prowidesoftware/pw-swift-core/SRU2025-10.3.18/pw-swift-core-SRU2025-10.3.18-sources.jar
    sha256: 1335e5bf848f8226cad569f45c89728687716b5ce0cb0a5e483e6400293ada0a
    mavenSha1: 48ac1dd1ed1a73100efe0f646141427bab266e8d
  - role: java_probe_dependency
    coordinate: org.apache.commons:commons-lang3:3.20.0
    fileName: commons-lang3-3.20.0.jar
    url: https://repo.maven.apache.org/maven2/org/apache/commons/commons-lang3/3.20.0/commons-lang3-3.20.0.jar
    sha256: 69e5c9fa35da7a51a5fd2099dfe56a2d8d32cf233e2f6d770e796146440263f4
    mavenSha1: 65897b3e5731220962e659e001904af3c3cbeba9
  - role: java_probe_dependency
    coordinate: org.apache.commons:commons-text:1.15.0
    fileName: commons-text-1.15.0.jar
    url: https://repo.maven.apache.org/maven2/org/apache/commons/commons-text/1.15.0/commons-text-1.15.0.jar
    sha256: 58d2da30f058512a1e7f914e39241deca4dff5c27a085b4ed2faa9e7208067f6
    mavenSha1: 9899093aa40f0199d6c39b131b8f087cdb37e399
  - role: java_probe_dependency
    coordinate: com.google.code.gson:gson:2.14.0
    fileName: gson-2.14.0.jar
    url: https://repo.maven.apache.org/maven2/com/google/code/gson/gson/2.14.0/gson-2.14.0.jar
    sha256: 2cbd119bf1961c28788310963dc80ba65f58cdeec1dd139c8bdb1240faa2c36f
    mavenSha1: efc0e34ede4e3204eaefb84a00e55e8c86634382
